// !$*UTF8*$!
{
	archiveVersion = 1;
	classes = {
	};
	objectVersion = 50;
	objects = {

/* Begin PBXBuildFile section */
		B5A8576C245EEE3500BB8F5C /* UserRow.swift in Sources */ = {isa = PBXBuildFile; fileRef = B5A8576B245EEE3500BB8F5C /* UserRow.swift */; };
		B5A8576E245EF73F00BB8F5C /* ImageLoader.swift in Sources */ = {isa = PBXBuildFile; fileRef = B5A8576D245EF73F00BB8F5C /* ImageLoader.swift */; };
		B5A85770245EF77700BB8F5C /* AsyncImage.swift in Sources */ = {isa = PBXBuildFile; fileRef = B5A8576F245EF77700BB8F5C /* AsyncImage.swift */; };
		B5A85772245F034100BB8F5C /* UserLoginView.swift in Sources */ = {isa = PBXBuildFile; fileRef = B5A85771245F034100BB8F5C /* UserLoginView.swift */; };
		B5F15879245D70FA003FE428 /* AppDelegate.swift in Sources */ = {isa = PBXBuildFile; fileRef = B5F15878245D70FA003FE428 /* AppDelegate.swift */; };
		B5F1587B245D70FA003FE428 /* SceneDelegate.swift in Sources */ = {isa = PBXBuildFile; fileRef = B5F1587A245D70FA003FE428 /* SceneDelegate.swift */; };
		B5F15880245D70FA003FE428 /* ContentView.swift in Sources */ = {isa = PBXBuildFile; fileRef = B5F1587F245D70FA003FE428 /* ContentView.swift */; };
		B5F15882245D70FB003FE428 /* Assets.xcassets in Resources */ = {isa = PBXBuildFile; fileRef = B5F15881245D70FB003FE428 /* Assets.xcassets */; };
		B5F15885245D70FB003FE428 /* Preview Assets.xcassets in Resources */ = {isa = PBXBuildFile; fileRef = B5F15884245D70FB003FE428 /* Preview Assets.xcassets */; };
		B5F15888245D70FB003FE428 /* LaunchScreen.storyboard in Resources */ = {isa = PBXBuildFile; fileRef = B5F15886245D70FB003FE428 /* LaunchScreen.storyboard */; };
		B5F158AD245DB7C8003FE428 /* MD5.swift in Sources */ = {isa = PBXBuildFile; fileRef = B5F15891245DB7C8003FE428 /* MD5.swift */; };
		B5F158AE245DB7C8003FE428 /* SerializationManager.swift in Sources */ = {isa = PBXBuildFile; fileRef = B5F15893245DB7C8003FE428 /* SerializationManager.swift */; };
		B5F158AF245DB7C8003FE428 /* DataWrapper.swift in Sources */ = {isa = PBXBuildFile; fileRef = B5F15895245DB7C8003FE428 /* DataWrapper.swift */; };
		B5F158B0245DB7C8003FE428 /* ErrorAlertView.swift in Sources */ = {isa = PBXBuildFile; fileRef = B5F15896245DB7C8003FE428 /* ErrorAlertView.swift */; };
		B5F158B1245DB7C8003FE428 /* URLSesstion.swift in Sources */ = {isa = PBXBuildFile; fileRef = B5F15898245DB7C8003FE428 /* URLSesstion.swift */; };
		B5F158B2245DB7C8003FE428 /* FacadeAPI.swift in Sources */ = {isa = PBXBuildFile; fileRef = B5F1589A245DB7C8003FE428 /* FacadeAPI.swift */; };
		B5F158B3245DB7C8003FE428 /* CoreDataAPI.swift in Sources */ = {isa = PBXBuildFile; fileRef = B5F1589C245DB7C8003FE428 /* CoreDataAPI.swift */; };
		B5F158B4245DB7C8003FE428 /* String + Extensions.swift in Sources */ = {isa = PBXBuildFile; fileRef = B5F1589E245DB7C8003FE428 /* String + Extensions.swift */; };
		B5F158B5245DB7C8003FE428 /* Data + Extensions.swift in Sources */ = {isa = PBXBuildFile; fileRef = B5F1589F245DB7C8003FE428 /* Data + Extensions.swift */; };
		B5F158B7245DB7C8003FE428 /* MD5_algorithm_SwiftUI.xcdatamodeld in Sources */ = {isa = PBXBuildFile; fileRef = B5F158A2245DB7C8003FE428 /* MD5_algorithm_SwiftUI.xcdatamodeld */; };
		B5F158B9245DB7C8003FE428 /* data.json in Resources */ = {isa = PBXBuildFile; fileRef = B5F158A5245DB7C8003FE428 /* data.json */; };
		B5F158BA245DB7C8003FE428 /* loginModelCodable.swift in Sources */ = {isa = PBXBuildFile; fileRef = B5F158A6245DB7C8003FE428 /* loginModelCodable.swift */; };
		B5F158BF245DB7C8003FE428 /* Constants.swift in Sources */ = {isa = PBXBuildFile; fileRef = B5F158AC245DB7C8003FE428 /* Constants.swift */; };
		B5F158C8245DB948003FE428 /* LoginModel+CoreDataClass.swift in Sources */ = {isa = PBXBuildFile; fileRef = B5F158C4245DB947003FE428 /* LoginModel+CoreDataClass.swift */; };
		B5F158C9245DB948003FE428 /* LoginModel+CoreDataProperties.swift in Sources */ = {isa = PBXBuildFile; fileRef = B5F158C5245DB947003FE428 /* LoginModel+CoreDataProperties.swift */; };
		B5F158CA245DB948003FE428 /* Role+CoreDataClass.swift in Sources */ = {isa = PBXBuildFile; fileRef = B5F158C6245DB947003FE428 /* Role+CoreDataClass.swift */; };
		B5F158CB245DB948003FE428 /* Role+CoreDataProperties.swift in Sources */ = {isa = PBXBuildFile; fileRef = B5F158C7245DB947003FE428 /* Role+CoreDataProperties.swift */; };
/* End PBXBuildFile section */

/* Begin PBXFileReference section */
		B5A8576B245EEE3500BB8F5C /* UserRow.swift */ = {isa = PBXFileReference; lastKnownFileType = sourcecode.swift; path = UserRow.swift; sourceTree = "<group>"; };
		B5A8576D245EF73F00BB8F5C /* ImageLoader.swift */ = {isa = PBXFileReference; lastKnownFileType = sourcecode.swift; path = ImageLoader.swift; sourceTree = "<group>"; };
		B5A8576F245EF77700BB8F5C /* AsyncImage.swift */ = {isa = PBXFileReference; lastKnownFileType = sourcecode.swift; path = AsyncImage.swift; sourceTree = "<group>"; };
		B5A85771245F034100BB8F5C /* UserLoginView.swift */ = {isa = PBXFileReference; lastKnownFileType = sourcecode.swift; path = UserLoginView.swift; sourceTree = "<group>"; };
		B5F15875245D70FA003FE428 /* MD5 algorithm SwiftUI.app */ = {isa = PBXFileReference; explicitFileType = wrapper.application; includeInIndex = 0; path = "MD5 algorithm SwiftUI.app"; sourceTree = BUILT_PRODUCTS_DIR; };
		B5F15878245D70FA003FE428 /* AppDelegate.swift */ = {isa = PBXFileReference; lastKnownFileType = sourcecode.swift; path = AppDelegate.swift; sourceTree = "<group>"; };
		B5F1587A245D70FA003FE428 /* SceneDelegate.swift */ = {isa = PBXFileReference; lastKnownFileType = sourcecode.swift; path = SceneDelegate.swift; sourceTree = "<group>"; };
		B5F1587F245D70FA003FE428 /* ContentView.swift */ = {isa = PBXFileReference; lastKnownFileType = sourcecode.swift; path = ContentView.swift; sourceTree = "<group>"; };
		B5F15881245D70FB003FE428 /* Assets.xcassets */ = {isa = PBXFileReference; lastKnownFileType = folder.assetcatalog; path = Assets.xcassets; sourceTree = "<group>"; };
		B5F15884245D70FB003FE428 /* Preview Assets.xcassets */ = {isa = PBXFileReference; lastKnownFileType = folder.assetcatalog; path = "Preview Assets.xcassets"; sourceTree = "<group>"; };
		B5F15887245D70FB003FE428 /* Base */ = {isa = PBXFileReference; lastKnownFileType = file.storyboard; name = Base; path = Base.lproj/LaunchScreen.storyboard; sourceTree = "<group>"; };
		B5F15889245D70FB003FE428 /* Info.plist */ = {isa = PBXFileReference; lastKnownFileType = text.plist.xml; path = Info.plist; sourceTree = "<group>"; };
		B5F15891245DB7C8003FE428 /* MD5.swift */ = {isa = PBXFileReference; fileEncoding = 4; lastKnownFileType = sourcecode.swift; path = MD5.swift; sourceTree = "<group>"; };
		B5F15893245DB7C8003FE428 /* SerializationManager.swift */ = {isa = PBXFileReference; fileEncoding = 4; lastKnownFileType = sourcecode.swift; path = SerializationManager.swift; sourceTree = "<group>"; };
		B5F15895245DB7C8003FE428 /* DataWrapper.swift */ = {isa = PBXFileReference; fileEncoding = 4; lastKnownFileType = sourcecode.swift; path = DataWrapper.swift; sourceTree = "<group>"; };
		B5F15896245DB7C8003FE428 /* ErrorAlertView.swift */ = {isa = PBXFileReference; fileEncoding = 4; lastKnownFileType = sourcecode.swift; path = ErrorAlertView.swift; sourceTree = "<group>"; };
		B5F15898245DB7C8003FE428 /* URLSesstion.swift */ = {isa = PBXFileReference; fileEncoding = 4; lastKnownFileType = sourcecode.swift; path = URLSesstion.swift; sourceTree = "<group>"; };
		B5F1589A245DB7C8003FE428 /* FacadeAPI.swift */ = {isa = PBXFileReference; fileEncoding = 4; lastKnownFileType = sourcecode.swift; path = FacadeAPI.swift; sourceTree = "<group>"; };
		B5F1589C245DB7C8003FE428 /* CoreDataAPI.swift */ = {isa = PBXFileReference; fileEncoding = 4; lastKnownFileType = sourcecode.swift; path = CoreDataAPI.swift; sourceTree = "<group>"; };
		B5F1589E245DB7C8003FE428 /* String + Extensions.swift */ = {isa = PBXFileReference; fileEncoding = 4; lastKnownFileType = sourcecode.swift; path = "String + Extensions.swift"; sourceTree = "<group>"; };
		B5F1589F245DB7C8003FE428 /* Data + Extensions.swift */ = {isa = PBXFileReference; fileEncoding = 4; lastKnownFileType = sourcecode.swift; path = "Data + Extensions.swift"; sourceTree = "<group>"; };
		B5F158A3245DB7C8003FE428 /* MD5_algoritm.xcdatamodel */ = {isa = PBXFileReference; lastKnownFileType = wrapper.xcdatamodel; path = MD5_algoritm.xcdatamodel; sourceTree = "<group>"; };
		B5F158A5245DB7C8003FE428 /* data.json */ = {isa = PBXFileReference; fileEncoding = 4; lastKnownFileType = text.json; path = data.json; sourceTree = "<group>"; };
		B5F158A6245DB7C8003FE428 /* loginModelCodable.swift */ = {isa = PBXFileReference; fileEncoding = 4; lastKnownFileType = sourcecode.swift; path = loginModelCodable.swift; sourceTree = "<group>"; };
		B5F158AC245DB7C8003FE428 /* Constants.swift */ = {isa = PBXFileReference; fileEncoding = 4; lastKnownFileType = sourcecode.swift; path = Constants.swift; sourceTree = "<group>"; };
		B5F158C4245DB947003FE428 /* LoginModel+CoreDataClass.swift */ = {isa = PBXFileReference; lastKnownFileType = sourcecode.swift; path = "LoginModel+CoreDataClass.swift"; sourceTree = "<group>"; };
		B5F158C5245DB947003FE428 /* LoginModel+CoreDataProperties.swift */ = {isa = PBXFileReference; lastKnownFileType = sourcecode.swift; path = "LoginModel+CoreDataProperties.swift"; sourceTree = "<group>"; };
		B5F158C6245DB947003FE428 /* Role+CoreDataClass.swift */ = {isa = PBXFileReference; lastKnownFileType = sourcecode.swift; path = "Role+CoreDataClass.swift"; sourceTree = "<group>"; };
		B5F158C7245DB947003FE428 /* Role+CoreDataProperties.swift */ = {isa = PBXFileReference; lastKnownFileType = sourcecode.swift; path = "Role+CoreDataProperties.swift"; sourceTree = "<group>"; };
/* End PBXFileReference section */

/* Begin PBXFrameworksBuildPhase section */
		B5F15872245D70FA003FE428 /* Frameworks */ = {
			isa = PBXFrameworksBuildPhase;
			buildActionMask = 2147483647;
			files = (
			);
			runOnlyForDeploymentPostprocessing = 0;
		};
/* End PBXFrameworksBuildPhase section */

/* Begin PBXGroup section */
		B5A8576A245EEDBE00BB8F5C /* Custom Rows */ = {
			isa = PBXGroup;
			children = (
				B5A8576B245EEE3500BB8F5C /* UserRow.swift */,
			);
			path = "Custom Rows";
			sourceTree = "<group>";
		};
		B5F1586C245D70FA003FE428 = {
			isa = PBXGroup;
			children = (
				B5F15877245D70FA003FE428 /* MD5 algorithm SwiftUI */,
				B5F15876245D70FA003FE428 /* Products */,
			);
			sourceTree = "<group>";
		};
		B5F15876245D70FA003FE428 /* Products */ = {
			isa = PBXGroup;
			children = (
				B5F15875245D70FA003FE428 /* MD5 algorithm SwiftUI.app */,
			);
			name = Products;
			sourceTree = "<group>";
		};
		B5F15877245D70FA003FE428 /* MD5 algorithm SwiftUI */ = {
			isa = PBXGroup;
			children = (
				B5A8576A245EEDBE00BB8F5C /* Custom Rows */,
				B5F158CC245DBA09003FE428 /* Delegates */,
				B5F1588F245DB7C7003FE428 /* Base */,
				B5F1589D245DB7C8003FE428 /* Extensions */,
				B5F158A0245DB7C8003FE428 /* Model */,
				B5F1587F245D70FA003FE428 /* ContentView.swift */,
				B5A85771245F034100BB8F5C /* UserLoginView.swift */,
				B5F15881245D70FB003FE428 /* Assets.xcassets */,
				B5F15886245D70FB003FE428 /* LaunchScreen.storyboard */,
				B5F15889245D70FB003FE428 /* Info.plist */,
				B5F15883245D70FB003FE428 /* Preview Content */,
			);
			path = "MD5 algorithm SwiftUI";
			sourceTree = "<group>";
		};
		B5F15883245D70FB003FE428 /* Preview Content */ = {
			isa = PBXGroup;
			children = (
				B5F15884245D70FB003FE428 /* Preview Assets.xcassets */,
			);
			path = "Preview Content";
			sourceTree = "<group>";
		};
		B5F1588F245DB7C7003FE428 /* Base */ = {
			isa = PBXGroup;
			children = (
				B5F158AC245DB7C8003FE428 /* Constants.swift */,
				B5F15890245DB7C8003FE428 /* MD5 */,
				B5F15892245DB7C8003FE428 /* SerializationManager */,
				B5F15894245DB7C8003FE428 /* ErrorHandling */,
				B5F15897245DB7C8003FE428 /* Networking */,
				B5F15899245DB7C8003FE428 /* Facade */,
				B5F1589B245DB7C8003FE428 /* CoreDataAPI */,
			);
			path = Base;
			sourceTree = "<group>";
		};
		B5F15890245DB7C8003FE428 /* MD5 */ = {
			isa = PBXGroup;
			children = (
				B5F15891245DB7C8003FE428 /* MD5.swift */,
			);
			path = MD5;
			sourceTree = "<group>";
		};
		B5F15892245DB7C8003FE428 /* SerializationManager */ = {
			isa = PBXGroup;
			children = (
				B5F15893245DB7C8003FE428 /* SerializationManager.swift */,
			);
			path = SerializationManager;
			sourceTree = "<group>";
		};
		B5F15894245DB7C8003FE428 /* ErrorHandling */ = {
			isa = PBXGroup;
			children = (
				B5F15895245DB7C8003FE428 /* DataWrapper.swift */,
				B5F15896245DB7C8003FE428 /* ErrorAlertView.swift */,
			);
			path = ErrorHandling;
			sourceTree = "<group>";
		};
		B5F15897245DB7C8003FE428 /* Networking */ = {
			isa = PBXGroup;
			children = (
				B5F15898245DB7C8003FE428 /* URLSesstion.swift */,
				B5A8576D245EF73F00BB8F5C /* ImageLoader.swift */,
				B5A8576F245EF77700BB8F5C /* AsyncImage.swift */,
			);
			path = Networking;
			sourceTree = "<group>";
		};
		B5F15899245DB7C8003FE428 /* Facade */ = {
			isa = PBXGroup;
			children = (
				B5F1589A245DB7C8003FE428 /* FacadeAPI.swift */,
			);
			path = Facade;
			sourceTree = "<group>";
		};
		B5F1589B245DB7C8003FE428 /* CoreDataAPI */ = {
			isa = PBXGroup;
			children = (
				B5F1589C245DB7C8003FE428 /* CoreDataAPI.swift */,
			);
			path = CoreDataAPI;
			sourceTree = "<group>";
		};
		B5F1589D245DB7C8003FE428 /* Extensions */ = {
			isa = PBXGroup;
			children = (
				B5F1589E245DB7C8003FE428 /* String + Extensions.swift */,
				B5F1589F245DB7C8003FE428 /* Data + Extensions.swift */,
			);
			path = Extensions;
			sourceTree = "<group>";
		};
		B5F158A0245DB7C8003FE428 /* Model */ = {
			isa = PBXGroup;
			children = (
				B5F158C4245DB947003FE428 /* LoginModel+CoreDataClass.swift */,
				B5F158C5245DB947003FE428 /* LoginModel+CoreDataProperties.swift */,
				B5F158C6245DB947003FE428 /* Role+CoreDataClass.swift */,
				B5F158C7245DB947003FE428 /* Role+CoreDataProperties.swift */,
				B5F158A2245DB7C8003FE428 /* MD5_algorithm_SwiftUI.xcdatamodeld */,
				B5F158A5245DB7C8003FE428 /* data.json */,
				B5F158A6245DB7C8003FE428 /* loginModelCodable.swift */,
			);
			path = Model;
			sourceTree = "<group>";
		};
		B5F158CC245DBA09003FE428 /* Delegates */ = {
			isa = PBXGroup;
			children = (
				B5F15878245D70FA003FE428 /* AppDelegate.swift */,
				B5F1587A245D70FA003FE428 /* SceneDelegate.swift */,
			);
			path = Delegates;
			sourceTree = "<group>";
		};
/* End PBXGroup section */

/* Begin PBXNativeTarget section */
		B5F15874245D70FA003FE428 /* MD5 algorithm SwiftUI */ = {
			isa = PBXNativeTarget;
			buildConfigurationList = B5F1588C245D70FB003FE428 /* Build configuration list for PBXNativeTarget "MD5 algorithm SwiftUI" */;
			buildPhases = (
				B5F15871245D70FA003FE428 /* Sources */,
				B5F15872245D70FA003FE428 /* Frameworks */,
				B5F15873245D70FA003FE428 /* Resources */,
			);
			buildRules = (
			);
			dependencies = (
			);
			name = "MD5 algorithm SwiftUI";
			productName = "MD5 algorithm SwiftUI";
			productReference = B5F15875245D70FA003FE428 /* MD5 algorithm SwiftUI.app */;
			productType = "com.apple.product-type.application";
		};
/* End PBXNativeTarget section */

/* Begin PBXProject section */
		B5F1586D245D70FA003FE428 /* Project object */ = {
			isa = PBXProject;
			attributes = {
				LastSwiftUpdateCheck = 1130;
				LastUpgradeCheck = 1130;
				ORGANIZATIONNAME = "Mateo Doslic";
				TargetAttributes = {
					B5F15874245D70FA003FE428 = {
						CreatedOnToolsVersion = 11.3;
					};
				};
			};
			buildConfigurationList = B5F15870245D70FA003FE428 /* Build configuration list for PBXProject "MD5 algorithm SwiftUI" */;
			compatibilityVersion = "Xcode 9.3";
			developmentRegion = en;
			hasScannedForEncodings = 0;
			knownRegions = (
				en,
				Base,
			);
			mainGroup = B5F1586C245D70FA003FE428;
			productRefGroup = B5F15876245D70FA003FE428 /* Products */;
			projectDirPath = "";
			projectRoot = "";
			targets = (
				B5F15874245D70FA003FE428 /* MD5 algorithm SwiftUI */,
			);
		};
/* End PBXProject section */

/* Begin PBXResourcesBuildPhase section */
		B5F15873245D70FA003FE428 /* Resources */ = {
			isa = PBXResourcesBuildPhase;
			buildActionMask = 2147483647;
			files = (
				B5F15888245D70FB003FE428 /* LaunchScreen.storyboard in Resources */,
				B5F15885245D70FB003FE428 /* Preview Assets.xcassets in Resources */,
				B5F15882245D70FB003FE428 /* Assets.xcassets in Resources */,
				B5F158B9245DB7C8003FE428 /* data.json in Resources */,
			);
			runOnlyForDeploymentPostprocessing = 0;
		};
/* End PBXResourcesBuildPhase section */

/* Begin PBXSourcesBuildPhase section */
		B5F15871245D70FA003FE428 /* Sources */ = {
			isa = PBXSourcesBuildPhase;
			buildActionMask = 2147483647;
			files = (
				B5F158BF245DB7C8003FE428 /* Constants.swift in Sources */,
				B5F158B5245DB7C8003FE428 /* Data + Extensions.swift in Sources */,
				B5F158AD245DB7C8003FE428 /* MD5.swift in Sources */,
				B5A8576C245EEE3500BB8F5C /* UserRow.swift in Sources */,
				B5F158CB245DB948003FE428 /* Role+CoreDataProperties.swift in Sources */,
				B5F158CA245DB948003FE428 /* Role+CoreDataClass.swift in Sources */,
				B5F158AF245DB7C8003FE428 /* DataWrapper.swift in Sources */,
				B5F15879245D70FA003FE428 /* AppDelegate.swift in Sources */,
				B5A85772245F034100BB8F5C /* UserLoginView.swift in Sources */,
				B5F158B2245DB7C8003FE428 /* FacadeAPI.swift in Sources */,
				B5F158B0245DB7C8003FE428 /* ErrorAlertView.swift in Sources */,
				B5F158C8245DB948003FE428 /* LoginModel+CoreDataClass.swift in Sources */,
				B5F158B7245DB7C8003FE428 /* MD5_algorithm_SwiftUI.xcdatamodeld in Sources */,
				B5F15880245D70FA003FE428 /* ContentView.swift in Sources */,
				B5F158C9245DB948003FE428 /* LoginModel+CoreDataProperties.swift in Sources */,
				B5A8576E245EF73F00BB8F5C /* ImageLoader.swift in Sources */,
				B5F158B1245DB7C8003FE428 /* URLSesstion.swift in Sources */,
				B5A85770245EF77700BB8F5C /* AsyncImage.swift in Sources */,
				B5F158AE245DB7C8003FE428 /* SerializationManager.swift in Sources */,
				B5F1587B245D70FA003FE428 /* SceneDelegate.swift in Sources */,
				B5F158B4245DB7C8003FE428 /* String + Extensions.swift in Sources */,
				B5F158B3245DB7C8003FE428 /* CoreDataAPI.swift in Sources */,
				B5F158BA245DB7C8003FE428 /* loginModelCodable.swift in Sources */,
			);
			runOnlyForDeploymentPostprocessing = 0;
		};
/* End PBXSourcesBuildPhase section */

/* Begin PBXVariantGroup section */
		B5F15886245D70FB003FE428 /* LaunchScreen.storyboard */ = {
			isa = PBXVariantGroup;
			children = (
				B5F15887245D70FB003FE428 /* Base */,
			);
			name = LaunchScreen.storyboard;
			sourceTree = "<group>";
		};
/* End PBXVariantGroup section */

/* Begin XCBuildConfiguration section */
		B5F1588A245D70FB003FE428 /* Debug */ = {
			isa = XCBuildConfiguration;
			buildSettings = {
				ALWAYS_SEARCH_USER_PATHS = NO;
				CLANG_ANALYZER_NONNULL = YES;
				CLANG_ANALYZER_NUMBER_OBJECT_CONVERSION = YES_AGGRESSIVE;
				CLANG_CXX_LANGUAGE_STANDARD = "gnu++14";
				CLANG_CXX_LIBRARY = "libc++";
				CLANG_ENABLE_MODULES = YES;
				CLANG_ENABLE_OBJC_ARC = YES;
				CLANG_ENABLE_OBJC_WEAK = YES;
				CLANG_WARN_BLOCK_CAPTURE_AUTORELEASING = YES;
				CLANG_WARN_BOOL_CONVERSION = YES;
				CLANG_WARN_COMMA = YES;
				CLANG_WARN_CONSTANT_CONVERSION = YES;
				CLANG_WARN_DEPRECATED_OBJC_IMPLEMENTATIONS = YES;
				CLANG_WARN_DIRECT_OBJC_ISA_USAGE = YES_ERROR;
				CLANG_WARN_DOCUMENTATION_COMMENTS = YES;
				CLANG_WARN_EMPTY_BODY = YES;
				CLANG_WARN_ENUM_CONVERSION = YES;
				CLANG_WARN_INFINITE_RECURSION = YES;
				CLANG_WARN_INT_CONVERSION = YES;
				CLANG_WARN_NON_LITERAL_NULL_CONVERSION = YES;
				CLANG_WARN_OBJC_IMPLICIT_RETAIN_SELF = YES;
				CLANG_WARN_OBJC_LITERAL_CONVERSION = YES;
				CLANG_WARN_OBJC_ROOT_CLASS = YES_ERROR;
				CLANG_WARN_RANGE_LOOP_ANALYSIS = YES;
				CLANG_WARN_STRICT_PROTOTYPES = YES;
				CLANG_WARN_SUSPICIOUS_MOVE = YES;
				CLANG_WARN_UNGUARDED_AVAILABILITY = YES_AGGRESSIVE;
				CLANG_WARN_UNREACHABLE_CODE = YES;
				CLANG_WARN__DUPLICATE_METHOD_MATCH = YES;
				COPY_PHASE_STRIP = NO;
				DEBUG_INFORMATION_FORMAT = dwarf;
				ENABLE_STRICT_OBJC_MSGSEND = YES;
				ENABLE_TESTABILITY = YES;
				GCC_C_LANGUAGE_STANDARD = gnu11;
				GCC_DYNAMIC_NO_PIC = NO;
				GCC_NO_COMMON_BLOCKS = YES;
				GCC_OPTIMIZATION_LEVEL = 0;
				GCC_PREPROCESSOR_DEFINITIONS = (
					"DEBUG=1",
					"$(inherited)",
				);
				GCC_WARN_64_TO_32_BIT_CONVERSION = YES;
				GCC_WARN_ABOUT_RETURN_TYPE = YES_ERROR;
				GCC_WARN_UNDECLARED_SELECTOR = YES;
				GCC_WARN_UNINITIALIZED_AUTOS = YES_AGGRESSIVE;
				GCC_WARN_UNUSED_FUNCTION = YES;
				GCC_WARN_UNUSED_VARIABLE = YES;
				IPHONEOS_DEPLOYMENT_TARGET = 13.2;
				MTL_ENABLE_DEBUG_INFO = INCLUDE_SOURCE;
				MTL_FAST_MATH = YES;
				ONLY_ACTIVE_ARCH = YES;
				SDKROOT = iphoneos;
				SWIFT_ACTIVE_COMPILATION_CONDITIONS = DEBUG;
				SWIFT_OPTIMIZATION_LEVEL = "-Onone";
			};
			name = Debug;
		};
		B5F1588B245D70FB003FE428 /* Release */ = {
			isa = XCBuildConfiguration;
			buildSettings = {
				ALWAYS_SEARCH_USER_PATHS = NO;
				CLANG_ANALYZER_NONNULL = YES;
				CLANG_ANALYZER_NUMBER_OBJECT_CONVERSION = YES_AGGRESSIVE;
				CLANG_CXX_LANGUAGE_STANDARD = "gnu++14";
				CLANG_CXX_LIBRARY = "libc++";
				CLANG_ENABLE_MODULES = YES;
				CLANG_ENABLE_OBJC_ARC = YES;
				CLANG_ENABLE_OBJC_WEAK = YES;
				CLANG_WARN_BLOCK_CAPTURE_AUTORELEASING = YES;
				CLANG_WARN_BOOL_CONVERSION = YES;
				CLANG_WARN_COMMA = YES;
				CLANG_WARN_CONSTANT_CONVERSION = YES;
				CLANG_WARN_DEPRECATED_OBJC_IMPLEMENTATIONS = YES;
				CLANG_WARN_DIRECT_OBJC_ISA_USAGE = YES_ERROR;
				CLANG_WARN_DOCUMENTATION_COMMENTS = YES;
				CLANG_WARN_EMPTY_BODY = YES;
				CLANG_WARN_ENUM_CONVERSION = YES;
				CLANG_WARN_INFINITE_RECURSION = YES;
				CLANG_WARN_INT_CONVERSION = YES;
				CLANG_WARN_NON_LITERAL_NULL_CONVERSION = YES;
				CLANG_WARN_OBJC_IMPLICIT_RETAIN_SELF = YES;
				CLANG_WARN_OBJC_LITERAL_CONVERSION = YES;
				CLANG_WARN_OBJC_ROOT_CLASS = YES_ERROR;
				CLANG_WARN_RANGE_LOOP_ANALYSIS = YES;
				CLANG_WARN_STRICT_PROTOTYPES = YES;
				CLANG_WARN_SUSPICIOUS_MOVE = YES;
				CLANG_WARN_UNGUARDED_AVAILABILITY = YES_AGGRESSIVE;
				CLANG_WARN_UNREACHABLE_CODE = YES;
				CLANG_WARN__DUPLICATE_METHOD_MATCH = YES;
				COPY_PHASE_STRIP = NO;
				DEBUG_INFORMATION_FORMAT = "dwarf-with-dsym";
				ENABLE_NS_ASSERTIONS = NO;
				ENABLE_STRICT_OBJC_MSGSEND = YES;
				GCC_C_LANGUAGE_STANDARD = gnu11;
				GCC_NO_COMMON_BLOCKS = YES;
				GCC_WARN_64_TO_32_BIT_CONVERSION = YES;
				GCC_WARN_ABOUT_RETURN_TYPE = YES_ERROR;
				GCC_WARN_UNDECLARED_SELECTOR = YES;
				GCC_WARN_UNINITIALIZED_AUTOS = YES_AGGRESSIVE;
				GCC_WARN_UNUSED_FUNCTION = YES;
				GCC_WARN_UNUSED_VARIABLE = YES;
				IPHONEOS_DEPLOYMENT_TARGET = 13.2;
				MTL_ENABLE_DEBUG_INFO = NO;
				MTL_FAST_MATH = YES;
				SDKROOT = iphoneos;
				SWIFT_COMPILATION_MODE = wholemodule;
				SWIFT_OPTIMIZATION_LEVEL = "-O";
				VALIDATE_PRODUCT = YES;
			};
			name = Release;
		};
		B5F1588D245D70FB003FE428 /* Debug */ = {
			isa = XCBuildConfiguration;
			buildSettings = {
				ASSETCATALOG_COMPILER_APPICON_NAME = AppIcon;
				CODE_SIGN_STYLE = Automatic;
				DEVELOPMENT_ASSET_PATHS = "\"MD5 algorithm SwiftUI/Preview Content\"";
				DEVELOPMENT_TEAM = Z29U9TK6XW;
				ENABLE_PREVIEWS = YES;
				INFOPLIST_FILE = "MD5 algorithm SwiftUI/Info.plist";
				LD_RUNPATH_SEARCH_PATHS = (
					"$(inherited)",
					"@executable_path/Frameworks",
				);
				PRODUCT_BUNDLE_IDENTIFIER = "mdoslic.MD5-algorithm-SwiftUI-version";
				PRODUCT_NAME = "$(TARGET_NAME)";
				SWIFT_VERSION = 5.0;
				TARGETED_DEVICE_FAMILY = "1,2";
			};
			name = Debug;
		};
		B5F1588E245D70FB003FE428 /* Release */ = {
			isa = XCBuildConfiguration;
			buildSettings = {
				ASSETCATALOG_COMPILER_APPICON_NAME = AppIcon;
				CODE_SIGN_STYLE = Automatic;
				DEVELOPMENT_ASSET_PATHS = "\"MD5 algorithm SwiftUI/Preview Content\"";
				DEVELOPMENT_TEAM = Z29U9TK6XW;
				ENABLE_PREVIEWS = YES;
				INFOPLIST_FILE = "MD5 algorithm SwiftUI/Info.plist";
				LD_RUNPATH_SEARCH_PATHS = (
					"$(inherited)",
					"@executable_path/Frameworks",
				);
				PRODUCT_BUNDLE_IDENTIFIER = "mdoslic.MD5-algorithm-SwiftUI-version";
				PRODUCT_NAME = "$(TARGET_NAME)";
				SWIFT_VERSION = 5.0;
				TARGETED_DEVICE_FAMILY = "1,2";
			};
			name = Release;
		};
/* End XCBuildConfiguration section */

/* Begin XCConfigurationList section */
		B5F15870245D70FA003FE428 /* Build configuration list for PBXProject "MD5 algorithm SwiftUI" */ = {
			isa = XCConfigurationList;
			buildConfigurations = (
				B5F1588A245D70FB003FE428 /* Debug */,
				B5F1588B245D70FB003FE428 /* Release */,
			);
			defaultConfigurationIsVisible = 0;
			defaultConfigurationName = Release;
		};
		B5F1588C245D70FB003FE428 /* Build configuration list for PBXNativeTarget "MD5 algorithm SwiftUI" */ = {
			isa = XCConfigurationList;
			buildConfigurations = (
				B5F1588D245D70FB003FE428 /* Debug */,
				B5F1588E245D70FB003FE428 /* Release */,
			);
			defaultConfigurationIsVisible = 0;
			defaultConfigurationName = Release;
		};
/* End XCConfigurationList section */

/* Begin XCVersionGroup section */
		B5F158A2245DB7C8003FE428 /* MD5_algorithm_SwiftUI.xcdatamodeld */ = {
			isa = XCVersionGroup;
			children = (
				B5F158A3245DB7C8003FE428 /* MD5_algoritm.xcdatamodel */,
			);
			currentVersion = B5F158A3245DB7C8003FE428 /* MD5_algoritm.xcdatamodel */;
			path = MD5_algorithm_SwiftUI.xcdatamodeld;
			sourceTree = "<group>";
			versionGroupType = wrapper.xcdatamodel;
		};
/* End XCVersionGroup section */
	};
	rootObject = B5F1586D245D70FA003FE428 /* Project object */;
}
